
Microsoft Visual Studio Solution File, Format Version 12.00
# Visual Studio Version 17
VisualStudioVersion = 17.9.34728.123
MinimumVisualStudioVersion = 10.0.40219.1
Project("{8BC9CEB8-8B4A-11D0-8D11-00A0C91BC942}") = "Sem7P3-pt.2", "Sem7P3-pt.2.vcxproj", "{6DDA0C73-C973-4FB3-A157-4FDAACEBB42A}"
EndProject
Global
	GlobalSection(SolutionConfigurationPlatforms) = preSolution
		Debug|x64 = Debug|x64
		Debug|x86 = Debug|x86
		Release|x64 = Release|x64
		Release|x86 = Release|x86
	EndGlobalSection
	GlobalSection(ProjectConfigurationPlatforms) = postSolution
		{6DDA0C73-C973-4FB3-A157-4FDAACEBB42A}.Debug|x64.ActiveCfg = Debug|x64
		{6DDA0C73-C973-4FB3-A157-4FDAACEBB42A}.Debug|x64.Build.0 = Debug|x64
		{6DDA0C73-C973-4FB3-A157-4FDAACEBB42A}.Debug|x86.ActiveCfg = Debug|Win32
		{6DDA0C73-C973-4FB3-A157-4FDAACEBB42A}.Debug|x86.Build.0 = Debug|Win32
		{6DDA0C73-C973-4FB3-A157-4FDAACEBB42A}.Release|x64.ActiveCfg = Release|x64
		{6DDA0C73-C973-4FB3-A157-4FDAACEBB42A}.Release|x64.Build.0 = Release|x64
		{6DDA0C73-C973-4FB3-A157-4FDAACEBB42A}.Release|x86.ActiveCfg = Release|Win32
		{6DDA0C73-C973-4FB3-A157-4FDAACEBB42A}.Release|x86.Build.0 = Release|Win32
	EndGlobalSection
	GlobalSection(SolutionProperties) = preSolution
		HideSolutionNode = FALSE
	EndGlobalSection
	GlobalSection(ExtensibilityGlobals) = postSolution
		SolutionGuid = {819F9494-149E-4E00-BE8D-C20F13CD11C7}
	EndGlobalSection
EndGlobal
